// !$*UTF8*$!
{
	archiveVersion = 1;
	classes = {
	};
	objectVersion = 50;
	objects = {

/* Begin PBXBuildFile section */
		89B9694720A8C8640020C361 /* AppDelegate.swift in Sources */ = {isa = PBXBuildFile; fileRef = 89B9694620A8C8640020C361 /* AppDelegate.swift */; };
		89B9694920A8C8640020C361 /* art.scnassets in Resources */ = {isa = PBXBuildFile; fileRef = 89B9694820A8C8640020C361 /* art.scnassets */; };
		89B9694B20A8C8640020C361 /* ViewController.swift in Sources */ = {isa = PBXBuildFile; fileRef = 89B9694A20A8C8640020C361 /* ViewController.swift */; };
		89B9694E20A8C8640020C361 /* Main.storyboard in Resources */ = {isa = PBXBuildFile; fileRef = 89B9694C20A8C8640020C361 /* Main.storyboard */; };
		89B9695020A8C8680020C361 /* Assets.xcassets in Resources */ = {isa = PBXBuildFile; fileRef = 89B9694F20A8C8680020C361 /* Assets.xcassets */; };
		89B9695320A8C8680020C361 /* LaunchScreen.storyboard in Resources */ = {isa = PBXBuildFile; fileRef = 89B9695120A8C8680020C361 /* LaunchScreen.storyboard */; };
		89B9695E20A8C8680020C361 /* ARDiceeTests.swift in Sources */ = {isa = PBXBuildFile; fileRef = 89B9695D20A8C8680020C361 /* ARDiceeTests.swift */; };
		89B9696920A8C8680020C361 /* ARDiceeUITests.swift in Sources */ = {isa = PBXBuildFile; fileRef = 89B9696820A8C8680020C361 /* ARDiceeUITests.swift */; };
/* End PBXBuildFile section */

/* Begin PBXContainerItemProxy section */
		89B9695A20A8C8680020C361 /* PBXContainerItemProxy */ = {
			isa = PBXContainerItemProxy;
			containerPortal = 89B9693B20A8C8640020C361 /* Project object */;
			proxyType = 1;
			remoteGlobalIDString = 89B9694220A8C8640020C361;
			remoteInfo = ARDicee;
		};
		89B9696520A8C8680020C361 /* PBXContainerItemProxy */ = {
			isa = PBXContainerItemProxy;
			containerPortal = 89B9693B20A8C8640020C361 /* Project object */;
			proxyType = 1;
			remoteGlobalIDString = 89B9694220A8C8640020C361;
			remoteInfo = ARDicee;
		};
/* End PBXContainerItemProxy section */

/* Begin PBXFileReference section */
		89B9694320A8C8640020C361 /* ARDicee.app */ = {isa = PBXFileReference; explicitFileType = wrapper.application; includeInIndex = 0; path = ARDicee.app; sourceTree = BUILT_PRODUCTS_DIR; };
		89B9694620A8C8640020C361 /* AppDelegate.swift */ = {isa = PBXFileReference; lastKnownFileType = sourcecode.swift; path = AppDelegate.swift; sourceTree = "<group>"; };
		89B9694820A8C8640020C361 /* art.scnassets */ = {isa = PBXFileReference; lastKnownFileType = wrapper.scnassets; path = art.scnassets; sourceTree = "<group>"; };
		89B9694A20A8C8640020C361 /* ViewController.swift */ = {isa = PBXFileReference; lastKnownFileType = sourcecode.swift; path = ViewController.swift; sourceTree = "<group>"; };
		89B9694D20A8C8640020C361 /* Base */ = {isa = PBXFileReference; lastKnownFileType = file.storyboard; name = Base; path = Base.lproj/Main.storyboard; sourceTree = "<group>"; };
		89B9694F20A8C8680020C361 /* Assets.xcassets */ = {isa = PBXFileReference; lastKnownFileType = folder.assetcatalog; path = Assets.xcassets; sourceTree = "<group>"; };
		89B9695220A8C8680020C361 /* Base */ = {isa = PBXFileReference; lastKnownFileType = file.storyboard; name = Base; path = Base.lproj/LaunchScreen.storyboard; sourceTree = "<group>"; };
		89B9695420A8C8680020C361 /* Info.plist */ = {isa = PBXFileReference; lastKnownFileType = text.plist.xml; path = Info.plist; sourceTree = "<group>"; };
		89B9695920A8C8680020C361 /* ARDiceeTests.xctest */ = {isa = PBXFileReference; explicitFileType = wrapper.cfbundle; includeInIndex = 0; path = ARDiceeTests.xctest; sourceTree = BUILT_PRODUCTS_DIR; };
		89B9695D20A8C8680020C361 /* ARDiceeTests.swift */ = {isa = PBXFileReference; lastKnownFileType = sourcecode.swift; path = ARDiceeTests.swift; sourceTree = "<group>"; };
		89B9695F20A8C8680020C361 /* Info.plist */ = {isa = PBXFileReference; lastKnownFileType = text.plist.xml; path = Info.plist; sourceTree = "<group>"; };
		89B9696420A8C8680020C361 /* ARDiceeUITests.xctest */ = {isa = PBXFileReference; explicitFileType = wrapper.cfbundle; includeInIndex = 0; path = ARDiceeUITests.xctest; sourceTree = BUILT_PRODUCTS_DIR; };
		89B9696820A8C8680020C361 /* ARDiceeUITests.swift */ = {isa = PBXFileReference; lastKnownFileType = sourcecode.swift; path = ARDiceeUITests.swift; sourceTree = "<group>"; };
		89B9696A20A8C8680020C361 /* Info.plist */ = {isa = PBXFileReference; lastKnownFileType = text.plist.xml; path = Info.plist; sourceTree = "<group>"; };
/* End PBXFileReference section */

/* Begin PBXFrameworksBuildPhase section */
		89B9694020A8C8640020C361 /* Frameworks */ = {
			isa = PBXFrameworksBuildPhase;
			buildActionMask = 2147483647;
			files = (
			);
			runOnlyForDeploymentPostprocessing = 0;
		};
		89B9695620A8C8680020C361 /* Frameworks */ = {
			isa = PBXFrameworksBuildPhase;
			buildActionMask = 2147483647;
			files = (
			);
			runOnlyForDeploymentPostprocessing = 0;
		};
		89B9696120A8C8680020C361 /* Frameworks */ = {
			isa = PBXFrameworksBuildPhase;
			buildActionMask = 2147483647;
			files = (
			);
			runOnlyForDeploymentPostprocessing = 0;
		};
/* End PBXFrameworksBuildPhase section */

/* Begin PBXGroup section */
		89B9693A20A8C8640020C361 = {
			isa = PBXGroup;
			children = (
				89B9694520A8C8640020C361 /* ARDicee */,
				89B9695C20A8C8680020C361 /* ARDiceeTests */,
				89B9696720A8C8680020C361 /* ARDiceeUITests */,
				89B9694420A8C8640020C361 /* Products */,
			);
			sourceTree = "<group>";
		};
		89B9694420A8C8640020C361 /* Products */ = {
			isa = PBXGroup;
			children = (
				89B9694320A8C8640020C361 /* ARDicee.app */,
				89B9695920A8C8680020C361 /* ARDiceeTests.xctest */,
				89B9696420A8C8680020C361 /* ARDiceeUITests.xctest */,
			);
			name = Products;
			sourceTree = "<group>";
		};
		89B9694520A8C8640020C361 /* ARDicee */ = {
			isa = PBXGroup;
			children = (
				89B9694620A8C8640020C361 /* AppDelegate.swift */,
				89B9694820A8C8640020C361 /* art.scnassets */,
				89B9694A20A8C8640020C361 /* ViewController.swift */,
				89B9694C20A8C8640020C361 /* Main.storyboard */,
				89B9694F20A8C8680020C361 /* Assets.xcassets */,
				89B9695120A8C8680020C361 /* LaunchScreen.storyboard */,
				89B9695420A8C8680020C361 /* Info.plist */,
			);
			path = ARDicee;
			sourceTree = "<group>";
		};
		89B9695C20A8C8680020C361 /* ARDiceeTests */ = {
			isa = PBXGroup;
			children = (
				89B9695D20A8C8680020C361 /* ARDiceeTests.swift */,
				89B9695F20A8C8680020C361 /* Info.plist */,
			);
			path = ARDiceeTests;
			sourceTree = "<group>";
		};
		89B9696720A8C8680020C361 /* ARDiceeUITests */ = {
			isa = PBXGroup;
			children = (
				89B9696820A8C8680020C361 /* ARDiceeUITests.swift */,
				89B9696A20A8C8680020C361 /* Info.plist */,
			);
			path = ARDiceeUITests;
			sourceTree = "<group>";
		};
/* End PBXGroup section */

/* Begin PBXNativeTarget section */
		89B9694220A8C8640020C361 /* ARDicee */ = {
			isa = PBXNativeTarget;
			buildConfigurationList = 89B9696D20A8C8680020C361 /* Build configuration list for PBXNativeTarget "ARDicee" */;
			buildPhases = (
				89B9693F20A8C8640020C361 /* Sources */,
				89B9694020A8C8640020C361 /* Frameworks */,
				89B9694120A8C8640020C361 /* Resources */,
			);
			buildRules = (
			);
			dependencies = (
			);
			name = ARDicee;
			productName = ARDicee;
			productReference = 89B9694320A8C8640020C361 /* ARDicee.app */;
			productType = "com.apple.product-type.application";
		};
		89B9695820A8C8680020C361 /* ARDiceeTests */ = {
			isa = PBXNativeTarget;
			buildConfigurationList = 89B9697020A8C8680020C361 /* Build configuration list for PBXNativeTarget "ARDiceeTests" */;
			buildPhases = (
				89B9695520A8C8680020C361 /* Sources */,
				89B9695620A8C8680020C361 /* Frameworks */,
				89B9695720A8C8680020C361 /* Resources */,
			);
			buildRules = (
			);
			dependencies = (
				89B9695B20A8C8680020C361 /* PBXTargetDependency */,
			);
			name = ARDiceeTests;
			productName = ARDiceeTests;
			productReference = 89B9695920A8C8680020C361 /* ARDiceeTests.xctest */;
			productType = "com.apple.product-type.bundle.unit-test";
		};
		89B9696320A8C8680020C361 /* ARDiceeUITests */ = {
			isa = PBXNativeTarget;
			buildConfigurationList = 89B9697320A8C8680020C361 /* Build configuration list for PBXNativeTarget "ARDiceeUITests" */;
			buildPhases = (
				89B9696020A8C8680020C361 /* Sources */,
				89B9696120A8C8680020C361 /* Frameworks */,
				89B9696220A8C8680020C361 /* Resources */,
			);
			buildRules = (
			);
			dependencies = (
				89B9696620A8C8680020C361 /* PBXTargetDependency */,
			);
			name = ARDiceeUITests;
			productName = ARDiceeUITests;
			productReference = 89B9696420A8C8680020C361 /* ARDiceeUITests.xctest */;
			productType = "com.apple.product-type.bundle.ui-testing";
		};
/* End PBXNativeTarget section */

/* Begin PBXProject section */
		89B9693B20A8C8640020C361 /* Project object */ = {
			isa = PBXProject;
			attributes = {
				LastSwiftUpdateCheck = 0930;
				LastUpgradeCheck = 0930;
				ORGANIZATIONNAME = "Konstantinidis, Evangelos";
				TargetAttributes = {
					89B9694220A8C8640020C361 = {
						CreatedOnToolsVersion = 9.3;
					};
					89B9695820A8C8680020C361 = {
						CreatedOnToolsVersion = 9.3;
						TestTargetID = 89B9694220A8C8640020C361;
					};
					89B9696320A8C8680020C361 = {
						CreatedOnToolsVersion = 9.3;
						TestTargetID = 89B9694220A8C8640020C361;
					};
				};
			};
			buildConfigurationList = 89B9693E20A8C8640020C361 /* Build configuration list for PBXProject "ARDicee" */;
			compatibilityVersion = "Xcode 9.3";
			developmentRegion = en;
			hasScannedForEncodings = 0;
			knownRegions = (
				en,
				Base,
			);
			mainGroup = 89B9693A20A8C8640020C361;
			productRefGroup = 89B9694420A8C8640020C361 /* Products */;
			projectDirPath = "";
			projectRoot = "";
			targets = (
				89B9694220A8C8640020C361 /* ARDicee */,
				89B9695820A8C8680020C361 /* ARDiceeTests */,
				89B9696320A8C8680020C361 /* ARDiceeUITests */,
			);
		};
/* End PBXProject section */

/* Begin PBXResourcesBuildPhase section */
		89B9694120A8C8640020C361 /* Resources */ = {
			isa = PBXResourcesBuildPhase;
			buildActionMask = 2147483647;
			files = (
				89B9694920A8C8640020C361 /* art.scnassets in Resources */,
				89B9695320A8C8680020C361 /* LaunchScreen.storyboard in Resources */,
				89B9695020A8C8680020C361 /* Assets.xcassets in Resources */,
				89B9694E20A8C8640020C361 /* Main.storyboard in Resources */,
			);
			runOnlyForDeploymentPostprocessing = 0;
		};
		89B9695720A8C8680020C361 /* Resources */ = {
			isa = PBXResourcesBuildPhase;
			buildActionMask = 2147483647;
			files = (
			);
			runOnlyForDeploymentPostprocessing = 0;
		};
		89B9696220A8C8680020C361 /* Resources */ = {
			isa = PBXResourcesBuildPhase;
			buildActionMask = 2147483647;
			files = (
			);
			runOnlyForDeploymentPostprocessing = 0;
		};
/* End PBXResourcesBuildPhase section */

/* Begin PBXSourcesBuildPhase section */
		89B9693F20A8C8640020C361 /* Sources */ = {
			isa = PBXSourcesBuildPhase;
			buildActionMask = 2147483647;
			files = (
				89B9694B20A8C8640020C361 /* ViewController.swift in Sources */,
				89B9694720A8C8640020C361 /* AppDelegate.swift in Sources */,
			);
			runOnlyForDeploymentPostprocessing = 0;
		};
		89B9695520A8C8680020C361 /* Sources */ = {
			isa = PBXSourcesBuildPhase;
			buildActionMask = 2147483647;
			files = (
				89B9695E20A8C8680020C361 /* ARDiceeTests.swift in Sources */,
			);
			runOnlyForDeploymentPostprocessing = 0;
		};
		89B9696020A8C8680020C361 /* Sources */ = {
			isa = PBXSourcesBuildPhase;
			buildActionMask = 2147483647;
			files = (
				89B9696920A8C8680020C361 /* ARDiceeUITests.swift in Sources */,
			);
			runOnlyForDeploymentPostprocessing = 0;
		};
/* End PBXSourcesBuildPhase section */

/* Begin PBXTargetDependency section */
		89B9695B20A8C8680020C361 /* PBXTargetDependency */ = {
			isa = PBXTargetDependency;
			target = 89B9694220A8C8640020C361 /* ARDicee */;
			targetProxy = 89B9695A20A8C8680020C361 /* PBXContainerItemProxy */;
		};
		89B9696620A8C8680020C361 /* PBXTargetDependency */ = {
			isa = PBXTargetDependency;
			target = 89B9694220A8C8640020C361 /* ARDicee */;
			targetProxy = 89B9696520A8C8680020C361 /* PBXContainerItemProxy */;
		};
/* End PBXTargetDependency section */

/* Begin PBXVariantGroup section */
		89B9694C20A8C8640020C361 /* Main.storyboard */ = {
			isa = PBXVariantGroup;
			children = (
				89B9694D20A8C8640020C361 /* Base */,
			);
			name = Main.storyboard;
			sourceTree = "<group>";
		};
		89B9695120A8C8680020C361 /* LaunchScreen.storyboard */ = {
			isa = PBXVariantGroup;
			children = (
				89B9695220A8C8680020C361 /* Base */,
			);
			name = LaunchScreen.storyboard;
			sourceTree = "<group>";
		};
/* End PBXVariantGroup section */

/* Begin XCBuildConfiguration section */
		89B9696B20A8C8680020C361 /* Debug */ = {
			isa = XCBuildConfiguration;
			buildSettings = {
				ALWAYS_SEARCH_USER_PATHS = NO;
				CLANG_ANALYZER_NONNULL = YES;
				CLANG_ANALYZER_NUMBER_OBJECT_CONVERSION = YES_AGGRESSIVE;
				CLANG_CXX_LANGUAGE_STANDARD = "gnu++14";
				CLANG_CXX_LIBRARY = "libc++";
				CLANG_ENABLE_MODULES = YES;
				CLANG_ENABLE_OBJC_ARC = YES;
				CLANG_ENABLE_OBJC_WEAK = YES;
				CLANG_WARN_BLOCK_CAPTURE_AUTORELEASING = YES;
				CLANG_WARN_BOOL_CONVERSION = YES;
				CLANG_WARN_COMMA = YES;
				CLANG_WARN_CONSTANT_CONVERSION = YES;
				CLANG_WARN_DEPRECATED_OBJC_IMPLEMENTATIONS = YES;
				CLANG_WARN_DIRECT_OBJC_ISA_USAGE = YES_ERROR;
				CLANG_WARN_DOCUMENTATION_COMMENTS = YES;
				CLANG_WARN_EMPTY_BODY = YES;
				CLANG_WARN_ENUM_CONVERSION = YES;
				CLANG_WARN_INFINITE_RECURSION = YES;
				CLANG_WARN_INT_CONVERSION = YES;
				CLANG_WARN_NON_LITERAL_NULL_CONVERSION = YES;
				CLANG_WARN_OBJC_IMPLICIT_RETAIN_SELF = YES;
				CLANG_WARN_OBJC_LITERAL_CONVERSION = YES;
				CLANG_WARN_OBJC_ROOT_CLASS = YES_ERROR;
				CLANG_WARN_RANGE_LOOP_ANALYSIS = YES;
				CLANG_WARN_STRICT_PROTOTYPES = YES;
				CLANG_WARN_SUSPICIOUS_MOVE = YES;
				CLANG_WARN_UNGUARDED_AVAILABILITY = YES_AGGRESSIVE;
				CLANG_WARN_UNREACHABLE_CODE = YES;
				CLANG_WARN__DUPLICATE_METHOD_MATCH = YES;
				CODE_SIGN_IDENTITY = "iPhone Developer";
				COPY_PHASE_STRIP = NO;
				DEBUG_INFORMATION_FORMAT = dwarf;
				ENABLE_STRICT_OBJC_MSGSEND = YES;
				ENABLE_TESTABILITY = YES;
				GCC_C_LANGUAGE_STANDARD = gnu11;
				GCC_DYNAMIC_NO_PIC = NO;
				GCC_NO_COMMON_BLOCKS = YES;
				GCC_OPTIMIZATION_LEVEL = 0;
				GCC_PREPROCESSOR_DEFINITIONS = (
					"DEBUG=1",
					"$(inherited)",
				);
				GCC_WARN_64_TO_32_BIT_CONVERSION = YES;
				GCC_WARN_ABOUT_RETURN_TYPE = YES_ERROR;
				GCC_WARN_UNDECLARED_SELECTOR = YES;
				GCC_WARN_UNINITIALIZED_AUTOS = YES_AGGRESSIVE;
				GCC_WARN_UNUSED_FUNCTION = YES;
				GCC_WARN_UNUSED_VARIABLE = YES;
				IPHONEOS_DEPLOYMENT_TARGET = 11.3;
				MTL_ENABLE_DEBUG_INFO = YES;
				ONLY_ACTIVE_ARCH = YES;
				SDKROOT = iphoneos;
				SWIFT_ACTIVE_COMPILATION_CONDITIONS = DEBUG;
				SWIFT_OPTIMIZATION_LEVEL = "-Onone";
			};
			name = Debug;
		};
		89B9696C20A8C8680020C361 /* Release */ = {
			isa = XCBuildConfiguration;
			buildSettings = {
				ALWAYS_SEARCH_USER_PATHS = NO;
				CLANG_ANALYZER_NONNULL = YES;
				CLANG_ANALYZER_NUMBER_OBJECT_CONVERSION = YES_AGGRESSIVE;
				CLANG_CXX_LANGUAGE_STANDARD = "gnu++14";
				CLANG_CXX_LIBRARY = "libc++";
				CLANG_ENABLE_MODULES = YES;
				CLANG_ENABLE_OBJC_ARC = YES;
				CLANG_ENABLE_OBJC_WEAK = YES;
				CLANG_WARN_BLOCK_CAPTURE_AUTORELEASING = YES;
				CLANG_WARN_BOOL_CONVERSION = YES;
				CLANG_WARN_COMMA = YES;
				CLANG_WARN_CONSTANT_CONVERSION = YES;
				CLANG_WARN_DEPRECATED_OBJC_IMPLEMENTATIONS = YES;
				CLANG_WARN_DIRECT_OBJC_ISA_USAGE = YES_ERROR;
				CLANG_WARN_DOCUMENTATION_COMMENTS = YES;
				CLANG_WARN_EMPTY_BODY = YES;
				CLANG_WARN_ENUM_CONVERSION = YES;
				CLANG_WARN_INFINITE_RECURSION = YES;
				CLANG_WARN_INT_CONVERSION = YES;
				CLANG_WARN_NON_LITERAL_NULL_CONVERSION = YES;
				CLANG_WARN_OBJC_IMPLICIT_RETAIN_SELF = YES;
				CLANG_WARN_OBJC_LITERAL_CONVERSION = YES;
				CLANG_WARN_OBJC_ROOT_CLASS = YES_ERROR;
				CLANG_WARN_RANGE_LOOP_ANALYSIS = YES;
				CLANG_WARN_STRICT_PROTOTYPES = YES;
				CLANG_WARN_SUSPICIOUS_MOVE = YES;
				CLANG_WARN_UNGUARDED_AVAILABILITY = YES_AGGRESSIVE;
				CLANG_WARN_UNREACHABLE_CODE = YES;
				CLANG_WARN__DUPLICATE_METHOD_MATCH = YES;
				CODE_SIGN_IDENTITY = "iPhone Developer";
				COPY_PHASE_STRIP = NO;
				DEBUG_INFORMATION_FORMAT = "dwarf-with-dsym";
				ENABLE_NS_ASSERTIONS = NO;
				ENABLE_STRICT_OBJC_MSGSEND = YES;
				GCC_C_LANGUAGE_STANDARD = gnu11;
				GCC_NO_COMMON_BLOCKS = YES;
				GCC_WARN_64_TO_32_BIT_CONVERSION = YES;
				GCC_WARN_ABOUT_RETURN_TYPE = YES_ERROR;
				GCC_WARN_UNDECLARED_SELECTOR = YES;
				GCC_WARN_UNINITIALIZED_AUTOS = YES_AGGRESSIVE;
				GCC_WARN_UNUSED_FUNCTION = YES;
				GCC_WARN_UNUSED_VARIABLE = YES;
				IPHONEOS_DEPLOYMENT_TARGET = 11.3;
				MTL_ENABLE_DEBUG_INFO = NO;
				SDKROOT = iphoneos;
				SWIFT_COMPILATION_MODE = wholemodule;
				SWIFT_OPTIMIZATION_LEVEL = "-O";
				VALIDATE_PRODUCT = YES;
			};
			name = Release;
		};
		89B9696E20A8C8680020C361 /* Debug */ = {
			isa = XCBuildConfiguration;
			buildSettings = {
				ASSETCATALOG_COMPILER_APPICON_NAME = AppIcon;
				CODE_SIGN_STYLE = Automatic;
				DEVELOPMENT_TEAM = D8ZL94823X;
				INFOPLIST_FILE = ARDicee/Info.plist;
				LD_RUNPATH_SEARCH_PATHS = (
					"$(inherited)",
					"@executable_path/Frameworks",
				);
				PRODUCT_BUNDLE_IDENTIFIER = com.exxeta.ARDicee;
				PRODUCT_NAME = "$(TARGET_NAME)";
				SWIFT_VERSION = 4.0;
				TARGETED_DEVICE_FAMILY = "1,2";
			};
			name = Debug;
		};
		89B9696F20A8C8680020C361 /* Release */ = {
			isa = XCBuildConfiguration;
			buildSettings = {
				ASSETCATALOG_COMPILER_APPICON_NAME = AppIcon;
				CODE_SIGN_STYLE = Automatic;
				DEVELOPMENT_TEAM = D8ZL94823X;
				INFOPLIST_FILE = ARDicee/Info.plist;
				LD_RUNPATH_SEARCH_PATHS = (
					"$(inherited)",
					"@executable_path/Frameworks",
				);
				PRODUCT_BUNDLE_IDENTIFIER = com.exxeta.ARDicee;
				PRODUCT_NAME = "$(TARGET_NAME)";
				SWIFT_VERSION = 4.0;
				TARGETED_DEVICE_FAMILY = "1,2";
			};
			name = Release;
		};
		89B9697120A8C8680020C361 /* Debug */ = {
			isa = XCBuildConfiguration;
			buildSettings = {
				ALWAYS_EMBED_SWIFT_STANDARD_LIBRARIES = YES;
				BUNDLE_LOADER = "$(TEST_HOST)";
				CODE_SIGN_STYLE = Automatic;
				DEVELOPMENT_TEAM = D8ZL94823X;
				INFOPLIST_FILE = ARDiceeTests/Info.plist;
				LD_RUNPATH_SEARCH_PATHS = (
					"$(inherited)",
					"@executable_path/Frameworks",
					"@loader_path/Frameworks",
				);
				PRODUCT_BUNDLE_IDENTIFIER = com.exxeta.ARDiceeTests;
				PRODUCT_NAME = "$(TARGET_NAME)";
				SWIFT_VERSION = 4.0;
				TARGETED_DEVICE_FAMILY = "1,2";
				TEST_HOST = "$(BUILT_PRODUCTS_DIR)/ARDicee.app/ARDicee";
			};
			name = Debug;
		};
		89B9697220A8C8680020C361 /* Release */ = {
			isa = XCBuildConfiguration;
			buildSettings = {
				ALWAYS_EMBED_SWIFT_STANDARD_LIBRARIES = YES;
				BUNDLE_LOADER = "$(TEST_HOST)";
				CODE_SIGN_STYLE = Automatic;
				DEVELOPMENT_TEAM = D8ZL94823X;
				INFOPLIST_FILE = ARDiceeTests/Info.plist;
				LD_RUNPATH_SEARCH_PATHS = (
					"$(inherited)",
					"@executable_path/Frameworks",
					"@loader_path/Frameworks",
				);
				PRODUCT_BUNDLE_IDENTIFIER = com.exxeta.ARDiceeTests;
				PRODUCT_NAME = "$(TARGET_NAME)";
				SWIFT_VERSION = 4.0;
				TARGETED_DEVICE_FAMILY = "1,2";
				TEST_HOST = "$(BUILT_PRODUCTS_DIR)/ARDicee.app/ARDicee";
			};
			name = Release;
		};
		89B9697420A8C8680020C361 /* Debug */ = {
			isa = XCBuildConfiguration;
			buildSettings = {
				ALWAYS_EMBED_SWIFT_STANDARD_LIBRARIES = YES;
				CODE_SIGN_STYLE = Automatic;
				DEVELOPMENT_TEAM = D8ZL94823X;
				INFOPLIST_FILE = ARDiceeUITests/Info.plist;
				LD_RUNPATH_SEARCH_PATHS = (
					"$(inherited)",
					"@executable_path/Frameworks",
					"@loader_path/Frameworks",
				);
				PRODUCT_BUNDLE_IDENTIFIER = com.exxeta.ARDiceeUITests;
				PRODUCT_NAME = "$(TARGET_NAME)";
				SWIFT_VERSION = 4.0;
				TARGETED_DEVICE_FAMILY = "1,2";
				TEST_TARGET_NAME = ARDicee;
			};
			name = Debug;
		};
		89B9697520A8C8680020C361 /* Release */ = {
			isa = XCBuildConfiguration;
			buildSettings = {
				ALWAYS_EMBED_SWIFT_STANDARD_LIBRARIES = YES;
				CODE_SIGN_STYLE = Automatic;
				DEVELOPMENT_TEAM = D8ZL94823X;
				INFOPLIST_FILE = ARDiceeUITests/Info.plist;
				LD_RUNPATH_SEARCH_PATHS = (
					"$(inherited)",
					"@executable_path/Frameworks",
					"@loader_path/Frameworks",
				);
				PRODUCT_BUNDLE_IDENTIFIER = com.exxeta.ARDiceeUITests;
				PRODUCT_NAME = "$(TARGET_NAME)";
				SWIFT_VERSION = 4.0;
				TARGETED_DEVICE_FAMILY = "1,2";
				TEST_TARGET_NAME = ARDicee;
			};
			name = Release;
		};
/* End XCBuildConfiguration section */

/* Begin XCConfigurationList section */
		89B9693E20A8C8640020C361 /* Build configuration list for PBXProject "ARDicee" */ = {
			isa = XCConfigurationList;
			buildConfigurations = (
				89B9696B20A8C8680020C361 /* Debug */,
				89B9696C20A8C8680020C361 /* Release */,
			);
			defaultConfigurationIsVisible = 0;
			defaultConfigurationName = Release;
		};
		89B9696D20A8C8680020C361 /* Build configuration list for PBXNativeTarget "ARDicee" */ = {
			isa = XCConfigurationList;
			buildConfigurations = (
				89B9696E20A8C8680020C361 /* Debug */,
				89B9696F20A8C8680020C361 /* Release */,
			);
			defaultConfigurationIsVisible = 0;
			defaultConfigurationName = Release;
		};
		89B9697020A8C8680020C361 /* Build configuration list for PBXNativeTarget "ARDiceeTests" */ = {
			isa = XCConfigurationList;
			buildConfigurations = (
				89B9697120A8C8680020C361 /* Debug */,
				89B9697220A8C8680020C361 /* Release */,
			);
			defaultConfigurationIsVisible = 0;
			defaultConfigurationName = Release;
		};
		89B9697320A8C8680020C361 /* Build configuration list for PBXNativeTarget "ARDiceeUITests" */ = {
			isa = XCConfigurationList;
			buildConfigurations = (
				89B9697420A8C8680020C361 /* Debug */,
				89B9697520A8C8680020C361 /* Release */,
			);
			defaultConfigurationIsVisible = 0;
			defaultConfigurationName = Release;
		};
/* End XCConfigurationList section */
	};
	rootObject = 89B9693B20A8C8640020C361 /* Project object */;
}
